// !$*UTF8*$!
{
	archiveVersion = 1;
	classes = {
	};
	objectVersion = 46;
	objects = {

/* Begin PBXBuildFile section */
		ACB8BBCA1B7941790022B9CD /* main.m in Sources */ = {isa = PBXBuildFile; fileRef = ACB8BBC91B7941790022B9CD /* main.m */; };
		ACB8BBCD1B79417A0022B9CD /* AppDelegate.m in Sources */ = {isa = PBXBuildFile; fileRef = ACB8BBCC1B79417A0022B9CD /* AppDelegate.m */; };
		ACB8BBD01B79417A0022B9CD /* ViewController.m in Sources */ = {isa = PBXBuildFile; fileRef = ACB8BBCF1B79417A0022B9CD /* ViewController.m */; };
		ACB8BBD31B79417A0022B9CD /* Main.storyboard in Resources */ = {isa = PBXBuildFile; fileRef = ACB8BBD11B79417A0022B9CD /* Main.storyboard */; };
		ACB8BBD51B79417A0022B9CD /* Images.xcassets in Resources */ = {isa = PBXBuildFile; fileRef = ACB8BBD41B79417A0022B9CD /* Images.xcassets */; };
		ACB8BBD81B79417A0022B9CD /* LaunchScreen.xib in Resources */ = {isa = PBXBuildFile; fileRef = ACB8BBD61B79417A0022B9CD /* LaunchScreen.xib */; };
		ACB8BBE41B79417A0022B9CD /* __Player_MathTests.m in Sources */ = {isa = PBXBuildFile; fileRef = ACB8BBE31B79417A0022B9CD /* __Player_MathTests.m */; };
		ACB8BBEF1B7957C40022B9CD /* Questions.m in Sources */ = {isa = PBXBuildFile; fileRef = ACB8BBEE1B7957C40022B9CD /* Questions.m */; };
		ACB8BBF21B7957CF0022B9CD /* Players.m in Sources */ = {isa = PBXBuildFile; fileRef = ACB8BBF11B7957CF0022B9CD /* Players.m */; };
/* End PBXBuildFile section */

/* Begin PBXContainerItemProxy section */
		ACB8BBDE1B79417A0022B9CD /* PBXContainerItemProxy */ = {
			isa = PBXContainerItemProxy;
			containerPortal = ACB8BBBC1B7941790022B9CD /* Project object */;
			proxyType = 1;
			remoteGlobalIDString = ACB8BBC31B7941790022B9CD;
			remoteInfo = "2 Player Math";
		};
/* End PBXContainerItemProxy section */

/* Begin PBXFileReference section */
		ACB8BBC41B7941790022B9CD /* 2 Player Math.app */ = {isa = PBXFileReference; explicitFileType = wrapper.application; includeInIndex = 0; path = "2 Player Math.app"; sourceTree = BUILT_PRODUCTS_DIR; };
		ACB8BBC81B7941790022B9CD /* Info.plist */ = {isa = PBXFileReference; lastKnownFileType = text.plist.xml; path = Info.plist; sourceTree = "<group>"; };
		ACB8BBC91B7941790022B9CD /* main.m */ = {isa = PBXFileReference; lastKnownFileType = sourcecode.c.objc; path = main.m; sourceTree = "<group>"; };
		ACB8BBCB1B79417A0022B9CD /* AppDelegate.h */ = {isa = PBXFileReference; lastKnownFileType = sourcecode.c.h; path = AppDelegate.h; sourceTree = "<group>"; };
		ACB8BBCC1B79417A0022B9CD /* AppDelegate.m */ = {isa = PBXFileReference; lastKnownFileType = sourcecode.c.objc; path = AppDelegate.m; sourceTree = "<group>"; };
		ACB8BBCE1B79417A0022B9CD /* ViewController.h */ = {isa = PBXFileReference; lastKnownFileType = sourcecode.c.h; path = ViewController.h; sourceTree = "<group>"; };
		ACB8BBCF1B79417A0022B9CD /* ViewController.m */ = {isa = PBXFileReference; lastKnownFileType = sourcecode.c.objc; path = ViewController.m; sourceTree = "<group>"; };
		ACB8BBD21B79417A0022B9CD /* Base */ = {isa = PBXFileReference; lastKnownFileType = file.storyboard; name = Base; path = Base.lproj/Main.storyboard; sourceTree = "<group>"; };
		ACB8BBD41B79417A0022B9CD /* Images.xcassets */ = {isa = PBXFileReference; lastKnownFileType = folder.assetcatalog; path = Images.xcassets; sourceTree = "<group>"; };
		ACB8BBD71B79417A0022B9CD /* Base */ = {isa = PBXFileReference; lastKnownFileType = file.xib; name = Base; path = Base.lproj/LaunchScreen.xib; sourceTree = "<group>"; };
		ACB8BBDD1B79417A0022B9CD /* 2 Player MathTests.xctest */ = {isa = PBXFileReference; explicitFileType = wrapper.cfbundle; includeInIndex = 0; path = "2 Player MathTests.xctest"; sourceTree = BUILT_PRODUCTS_DIR; };
		ACB8BBE21B79417A0022B9CD /* Info.plist */ = {isa = PBXFileReference; lastKnownFileType = text.plist.xml; path = Info.plist; sourceTree = "<group>"; };
		ACB8BBE31B79417A0022B9CD /* __Player_MathTests.m */ = {isa = PBXFileReference; lastKnownFileType = sourcecode.c.objc; path = __Player_MathTests.m; sourceTree = "<group>"; };
		ACB8BBED1B7957C40022B9CD /* Questions.h */ = {isa = PBXFileReference; fileEncoding = 4; lastKnownFileType = sourcecode.c.h; path = Questions.h; sourceTree = "<group>"; };
		ACB8BBEE1B7957C40022B9CD /* Questions.m */ = {isa = PBXFileReference; fileEncoding = 4; lastKnownFileType = sourcecode.c.objc; path = Questions.m; sourceTree = "<group>"; };
		ACB8BBF01B7957CF0022B9CD /* Players.h */ = {isa = PBXFileReference; fileEncoding = 4; lastKnownFileType = sourcecode.c.h; path = Players.h; sourceTree = "<group>"; };
		ACB8BBF11B7957CF0022B9CD /* Players.m */ = {isa = PBXFileReference; fileEncoding = 4; lastKnownFileType = sourcecode.c.objc; path = Players.m; sourceTree = "<group>"; };
/* End PBXFileReference section */

/* Begin PBXFrameworksBuildPhase section */
		ACB8BBC11B7941790022B9CD /* Frameworks */ = {
			isa = PBXFrameworksBuildPhase;
			buildActionMask = 2147483647;
			files = (
			);
			runOnlyForDeploymentPostprocessing = 0;
		};
		ACB8BBDA1B79417A0022B9CD /* Frameworks */ = {
			isa = PBXFrameworksBuildPhase;
			buildActionMask = 2147483647;
			files = (
			);
			runOnlyForDeploymentPostprocessing = 0;
		};
/* End PBXFrameworksBuildPhase section */

/* Begin PBXGroup section */
		ACB8BBBB1B7941790022B9CD = {
			isa = PBXGroup;
			children = (
				ACB8BBC61B7941790022B9CD /* 2 Player Math */,
				ACB8BBE01B79417A0022B9CD /* 2 Player MathTests */,
				ACB8BBC51B7941790022B9CD /* Products */,
			);
			sourceTree = "<group>";
		};
		ACB8BBC51B7941790022B9CD /* Products */ = {
			isa = PBXGroup;
			children = (
				ACB8BBC41B7941790022B9CD /* 2 Player Math.app */,
				ACB8BBDD1B79417A0022B9CD /* 2 Player MathTests.xctest */,
			);
			name = Products;
			sourceTree = "<group>";
		};
		ACB8BBC61B7941790022B9CD /* 2 Player Math */ = {
			isa = PBXGroup;
			children = (
				ACB8BBCB1B79417A0022B9CD /* AppDelegate.h */,
				ACB8BBCC1B79417A0022B9CD /* AppDelegate.m */,
				ACB8BBCE1B79417A0022B9CD /* ViewController.h */,
				ACB8BBCF1B79417A0022B9CD /* ViewController.m */,
				ACB8BBD11B79417A0022B9CD /* Main.storyboard */,
				ACB8BBED1B7957C40022B9CD /* Questions.h */,
				ACB8BBEE1B7957C40022B9CD /* Questions.m */,
				ACB8BBF01B7957CF0022B9CD /* Players.h */,
				ACB8BBF11B7957CF0022B9CD /* Players.m */,
				ACB8BBD41B79417A0022B9CD /* Images.xcassets */,
				ACB8BBD61B79417A0022B9CD /* LaunchScreen.xib */,
				ACB8BBC71B7941790022B9CD /* Supporting Files */,
			);
			path = "2 Player Math";
			sourceTree = "<group>";
		};
		ACB8BBC71B7941790022B9CD /* Supporting Files */ = {
			isa = PBXGroup;
			children = (
				ACB8BBC81B7941790022B9CD /* Info.plist */,
				ACB8BBC91B7941790022B9CD /* main.m */,
			);
			name = "Supporting Files";
			sourceTree = "<group>";
		};
		ACB8BBE01B79417A0022B9CD /* 2 Player MathTests */ = {
			isa = PBXGroup;
			children = (
				ACB8BBE31B79417A0022B9CD /* __Player_MathTests.m */,
				ACB8BBE11B79417A0022B9CD /* Supporting Files */,
			);
			path = "2 Player MathTests";
			sourceTree = "<group>";
		};
		ACB8BBE11B79417A0022B9CD /* Supporting Files */ = {
			isa = PBXGroup;
			children = (
				ACB8BBE21B79417A0022B9CD /* Info.plist */,
			);
			name = "Supporting Files";
			sourceTree = "<group>";
		};
/* End PBXGroup section */

/* Begin PBXNativeTarget section */
		ACB8BBC31B7941790022B9CD /* 2 Player Math */ = {
			isa = PBXNativeTarget;
			buildConfigurationList = ACB8BBE71B79417A0022B9CD /* Build configuration list for PBXNativeTarget "2 Player Math" */;
			buildPhases = (
				ACB8BBC01B7941790022B9CD /* Sources */,
				ACB8BBC11B7941790022B9CD /* Frameworks */,
				ACB8BBC21B7941790022B9CD /* Resources */,
			);
			buildRules = (
			);
			dependencies = (
			);
			name = "2 Player Math";
			productName = "2 Player Math";
			productReference = ACB8BBC41B7941790022B9CD /* 2 Player Math.app */;
			productType = "com.apple.product-type.application";
		};
		ACB8BBDC1B79417A0022B9CD /* 2 Player MathTests */ = {
			isa = PBXNativeTarget;
			buildConfigurationList = ACB8BBEA1B79417A0022B9CD /* Build configuration list for PBXNativeTarget "2 Player MathTests" */;
			buildPhases = (
				ACB8BBD91B79417A0022B9CD /* Sources */,
				ACB8BBDA1B79417A0022B9CD /* Frameworks */,
				ACB8BBDB1B79417A0022B9CD /* Resources */,
			);
			buildRules = (
			);
			dependencies = (
				ACB8BBDF1B79417A0022B9CD /* PBXTargetDependency */,
			);
			name = "2 Player MathTests";
			productName = "2 Player MathTests";
			productReference = ACB8BBDD1B79417A0022B9CD /* 2 Player MathTests.xctest */;
			productType = "com.apple.product-type.bundle.unit-test";
		};
/* End PBXNativeTarget section */

/* Begin PBXProject section */
		ACB8BBBC1B7941790022B9CD /* Project object */ = {
			isa = PBXProject;
			attributes = {
				LastUpgradeCheck = 0640;
				ORGANIZATIONNAME = Yazan;
				TargetAttributes = {
					ACB8BBC31B7941790022B9CD = {
						CreatedOnToolsVersion = 6.4;
					};
					ACB8BBDC1B79417A0022B9CD = {
						CreatedOnToolsVersion = 6.4;
						TestTargetID = ACB8BBC31B7941790022B9CD;
					};
				};
			};
			buildConfigurationList = ACB8BBBF1B7941790022B9CD /* Build configuration list for PBXProject "2 Player Math" */;
			compatibilityVersion = "Xcode 3.2";
			developmentRegion = English;
			hasScannedForEncodings = 0;
			knownRegions = (
				en,
				Base,
			);
			mainGroup = ACB8BBBB1B7941790022B9CD;
			productRefGroup = ACB8BBC51B7941790022B9CD /* Products */;
			projectDirPath = "";
			projectRoot = "";
			targets = (
				ACB8BBC31B7941790022B9CD /* 2 Player Math */,
				ACB8BBDC1B79417A0022B9CD /* 2 Player MathTests */,
			);
		};
/* End PBXProject section */

/* Begin PBXResourcesBuildPhase section */
		ACB8BBC21B7941790022B9CD /* Resources */ = {
			isa = PBXResourcesBuildPhase;
			buildActionMask = 2147483647;
			files = (
				ACB8BBD31B79417A0022B9CD /* Main.storyboard in Resources */,
				ACB8BBD81B79417A0022B9CD /* LaunchScreen.xib in Resources */,
				ACB8BBD51B79417A0022B9CD /* Images.xcassets in Resources */,
			);
			runOnlyForDeploymentPostprocessing = 0;
		};
		ACB8BBDB1B79417A0022B9CD /* Resources */ = {
			isa = PBXResourcesBuildPhase;
			buildActionMask = 2147483647;
			files = (
			);
			runOnlyForDeploymentPostprocessing = 0;
		};
/* End PBXResourcesBuildPhase section */

/* Begin PBXSourcesBuildPhase section */
		ACB8BBC01B7941790022B9CD /* Sources */ = {
			isa = PBXSourcesBuildPhase;
			buildActionMask = 2147483647;
			files = (
				ACB8BBD01B79417A0022B9CD /* ViewController.m in Sources */,
				ACB8BBF21B7957CF0022B9CD /* Players.m in Sources */,
				ACB8BBEF1B7957C40022B9CD /* Questions.m in Sources */,
				ACB8BBCD1B79417A0022B9CD /* AppDelegate.m in Sources */,
				ACB8BBCA1B7941790022B9CD /* main.m in Sources */,
			);
			runOnlyForDeploymentPostprocessing = 0;
		};
		ACB8BBD91B79417A0022B9CD /* Sources */ = {
			isa = PBXSourcesBuildPhase;
			buildActionMask = 2147483647;
			files = (
				ACB8BBE41B79417A0022B9CD /* __Player_MathTests.m in Sources */,
			);
			runOnlyForDeploymentPostprocessing = 0;
		};
/* End PBXSourcesBuildPhase section */

/* Begin PBXTargetDependency section */
		ACB8BBDF1B79417A0022B9CD /* PBXTargetDependency */ = {
			isa = PBXTargetDependency;
			target = ACB8BBC31B7941790022B9CD /* 2 Player Math */;
			targetProxy = ACB8BBDE1B79417A0022B9CD /* PBXContainerItemProxy */;
		};
/* End PBXTargetDependency section */

/* Begin PBXVariantGroup section */
		ACB8BBD11B79417A0022B9CD /* Main.storyboard */ = {
			isa = PBXVariantGroup;
			children = (
				ACB8BBD21B79417A0022B9CD /* Base */,
			);
			name = Main.storyboard;
			sourceTree = "<group>";
		};
		ACB8BBD61B79417A0022B9CD /* LaunchScreen.xib */ = {
			isa = PBXVariantGroup;
			children = (
				ACB8BBD71B79417A0022B9CD /* Base */,
			);
			name = LaunchScreen.xib;
			sourceTree = "<group>";
		};
/* End PBXVariantGroup section */

/* Begin XCBuildConfiguration section */
		ACB8BBE51B79417A0022B9CD /* Debug */ = {
			isa = XCBuildConfiguration;
			buildSettings = {
				ALWAYS_SEARCH_USER_PATHS = NO;
				CLANG_CXX_LANGUAGE_STANDARD = "gnu++0x";
				CLANG_CXX_LIBRARY = "libc++";
				CLANG_ENABLE_MODULES = YES;
				CLANG_ENABLE_OBJC_ARC = YES;
				CLANG_WARN_BOOL_CONVERSION = YES;
				CLANG_WARN_CONSTANT_CONVERSION = YES;
				CLANG_WARN_DIRECT_OBJC_ISA_USAGE = YES_ERROR;
				CLANG_WARN_EMPTY_BODY = YES;
				CLANG_WARN_ENUM_CONVERSION = YES;
				CLANG_WARN_INT_CONVERSION = YES;
				CLANG_WARN_OBJC_ROOT_CLASS = YES_ERROR;
				CLANG_WARN_UNREACHABLE_CODE = YES;
				CLANG_WARN__DUPLICATE_METHOD_MATCH = YES;
				"CODE_SIGN_IDENTITY[sdk=iphoneos*]" = "iPhone Developer";
				COPY_PHASE_STRIP = NO;
				DEBUG_INFORMATION_FORMAT = "dwarf-with-dsym";
				ENABLE_STRICT_OBJC_MSGSEND = YES;
				GCC_C_LANGUAGE_STANDARD = gnu99;
				GCC_DYNAMIC_NO_PIC = NO;
				GCC_NO_COMMON_BLOCKS = YES;
				GCC_OPTIMIZATION_LEVEL = 0;
				GCC_PREPROCESSOR_DEFINITIONS = (
					"DEBUG=1",
					"$(inherited)",
				);
				GCC_SYMBOLS_PRIVATE_EXTERN = NO;
				GCC_WARN_64_TO_32_BIT_CONVERSION = YES;
				GCC_WARN_ABOUT_RETURN_TYPE = YES_ERROR;
				GCC_WARN_UNDECLARED_SELECTOR = YES;
				GCC_WARN_UNINITIALIZED_AUTOS = YES_AGGRESSIVE;
				GCC_WARN_UNUSED_FUNCTION = YES;
				GCC_WARN_UNUSED_VARIABLE = YES;
				IPHONEOS_DEPLOYMENT_TARGET = 8.4;
				MTL_ENABLE_DEBUG_INFO = YES;
				ONLY_ACTIVE_ARCH = YES;
				SDKROOT = iphoneos;
			};
			name = Debug;
		};
		ACB8BBE61B79417A0022B9CD /* Release */ = {
			isa = XCBuildConfiguration;
			buildSettings = {
				ALWAYS_SEARCH_USER_PATHS = NO;
				CLANG_CXX_LANGUAGE_STANDARD = "gnu++0x";
				CLANG_CXX_LIBRARY = "libc++";
				CLANG_ENABLE_MODULES = YES;
				CLANG_ENABLE_OBJC_ARC = YES;
				CLANG_WARN_BOOL_CONVERSION = YES;
				CLANG_WARN_CONSTANT_CONVERSION = YES;
				CLANG_WARN_DIRECT_OBJC_ISA_USAGE = YES_ERROR;
				CLANG_WARN_EMPTY_BODY = YES;
				CLANG_WARN_ENUM_CONVERSION = YES;
				CLANG_WARN_INT_CONVERSION = YES;
				CLANG_WARN_OBJC_ROOT_CLASS = YES_ERROR;
				CLANG_WARN_UNREACHABLE_CODE = YES;
				CLANG_WARN__DUPLICATE_METHOD_MATCH = YES;
				"CODE_SIGN_IDENTITY[sdk=iphoneos*]" = "iPhone Developer";
				COPY_PHASE_STRIP = NO;
				DEBUG_INFORMATION_FORMAT = "dwarf-with-dsym";
				ENABLE_NS_ASSERTIONS = NO;
				ENABLE_STRICT_OBJC_MSGSEND = YES;
				GCC_C_LANGUAGE_STANDARD = gnu99;
				GCC_NO_COMMON_BLOCKS = YES;
				GCC_WARN_64_TO_32_BIT_CONVERSION = YES;
				GCC_WARN_ABOUT_RETURN_TYPE = YES_ERROR;
				GCC_WARN_UNDECLARED_SELECTOR = YES;
				GCC_WARN_UNINITIALIZED_AUTOS = YES_AGGRESSIVE;
				GCC_WARN_UNUSED_FUNCTION = YES;
				GCC_WARN_UNUSED_VARIABLE = YES;
				IPHONEOS_DEPLOYMENT_TARGET = 8.4;
				MTL_ENABLE_DEBUG_INFO = NO;
				SDKROOT = iphoneos;
				VALIDATE_PRODUCT = YES;
			};
			name = Release;
		};
		ACB8BBE81B79417A0022B9CD /* Debug */ = {
			isa = XCBuildConfiguration;
			buildSettings = {
				ASSETCATALOG_COMPILER_APPICON_NAME = AppIcon;
				INFOPLIST_FILE = "2 Player Math/Info.plist";
				LD_RUNPATH_SEARCH_PATHS = "$(inherited) @executable_path/Frameworks";
				PRODUCT_NAME = "$(TARGET_NAME)";
			};
			name = Debug;
		};
		ACB8BBE91B79417A0022B9CD /* Release */ = {
			isa = XCBuildConfiguration;
			buildSettings = {
				ASSETCATALOG_COMPILER_APPICON_NAME = AppIcon;
				INFOPLIST_FILE = "2 Player Math/Info.plist";
				LD_RUNPATH_SEARCH_PATHS = "$(inherited) @executable_path/Frameworks";
				PRODUCT_NAME = "$(TARGET_NAME)";
			};
			name = Release;
		};
		ACB8BBEB1B79417A0022B9CD /* Debug */ = {
			isa = XCBuildConfiguration;
			buildSettings = {
				BUNDLE_LOADER = "$(TEST_HOST)";
				FRAMEWORK_SEARCH_PATHS = (
					"$(SDKROOT)/Developer/Library/Frameworks",
					"$(inherited)",
				);
				GCC_PREPROCESSOR_DEFINITIONS = (
					"DEBUG=1",
					"$(inherited)",
				);
				INFOPLIST_FILE = "2 Player MathTests/Info.plist";
				LD_RUNPATH_SEARCH_PATHS = "$(inherited) @executable_path/Frameworks @loader_path/Frameworks";
				PRODUCT_NAME = "$(TARGET_NAME)";
				TEST_HOST = "$(BUILT_PRODUCTS_DIR)/2 Player Math.app/2 Player Math";
			};
			name = Debug;
		};
		ACB8BBEC1B79417A0022B9CD /* Release */ = {
			isa = XCBuildConfiguration;
			buildSettings = {
				BUNDLE_LOADER = "$(TEST_HOST)";
				FRAMEWORK_SEARCH_PATHS = (
					"$(SDKROOT)/Developer/Library/Frameworks",
					"$(inherited)",
				);
				INFOPLIST_FILE = "2 Player MathTests/Info.plist";
				LD_RUNPATH_SEARCH_PATHS = "$(inherited) @executable_path/Frameworks @loader_path/Frameworks";
				PRODUCT_NAME = "$(TARGET_NAME)";
				TEST_HOST = "$(BUILT_PRODUCTS_DIR)/2 Player Math.app/2 Player Math";
			};
			name = Release;
		};
/* End XCBuildConfiguration section */

/* Begin XCConfigurationList section */
		ACB8BBBF1B7941790022B9CD /* Build configuration list for PBXProject "2 Player Math" */ = {
			isa = XCConfigurationList;
			buildConfigurations = (
				ACB8BBE51B79417A0022B9CD /* Debug */,
				ACB8BBE61B79417A0022B9CD /* Release */,
			);
			defaultConfigurationIsVisible = 0;
			defaultConfigurationName = Release;
		};
		ACB8BBE71B79417A0022B9CD /* Build configuration list for PBXNativeTarget "2 Player Math" */ = {
			isa = XCConfigurationList;
			buildConfigurations = (
				ACB8BBE81B79417A0022B9CD /* Debug */,
				ACB8BBE91B79417A0022B9CD /* Release */,
			);
			defaultConfigurationIsVisible = 0;
		};
		ACB8BBEA1B79417A0022B9CD /* Build configuration list for PBXNativeTarget "2 Player MathTests" */ = {
			isa = XCConfigurationList;
			buildConfigurations = (
				ACB8BBEB1B79417A0022B9CD /* Debug */,
				ACB8BBEC1B79417A0022B9CD /* Release */,
			);
			defaultConfigurationIsVisible = 0;
		};
/* End XCConfigurationList section */
	};
	rootObject = ACB8BBBC1B7941790022B9CD /* Project object */;
}
